
Microsoft Visual Studio Solution File, Format Version 12.00
# Visual Studio Version 16
VisualStudioVersion = 16.0.32510.428
MinimumVisualStudioVersion = 10.0.40219.1
Project("{8BC9CEB8-8B4A-11D0-8D11-00A0C91BC942}") = "Foxy", "Foxy\Foxy.vcxproj", "{2B5A857C-1791-860D-C07D-6C10AC93020F}"
EndProject
Project("{8BC9CEB8-8B4A-11D0-8D11-00A0C91BC942}") = "ImGui", "vendor\ImGui\ImGui.vcxproj", "{C0FF640D-2C14-8DBE-F595-301E616989EF}"
EndProject
Project("{8BC9CEB8-8B4A-11D0-8D11-00A0C91BC942}") = "MinHook", "vendor\MinHook\MinHook.vcxproj", "{1A77E127-8656-60C3-8F6E-EB99FBCCC624}"
EndProject
Project("{8BC9CEB8-8B4A-11D0-8D11-00A0C91BC942}") = "StackWalker", "vendor\StackWalker\StackWalker.vcxproj", "{21FD7E7C-8DB2-F771-16A7-F148825BEE75}"
EndProject
Project("{8BC9CEB8-8B4A-11D0-8D11-00A0C91BC942}") = "directx", "vendor\directx\directx.vcxproj", "{1803B512-84E2-33AE-8DFA-BE84F9589A0F}"
EndProject
Project("{8BC9CEB8-8B4A-11D0-8D11-00A0C91BC942}") = "luac", "vendor\luac\luac.vcxproj", "{0A479A7C-F67D-9B0D-9F6A-81108B80170F}"
EndProject
Project("{8BC9CEB8-8B4A-11D0-8D11-00A0C91BC942}") = "sol2", "vendor\sol2\sol2.vcxproj", "{65059E7C-513C-9F0D-FA28-8510E63E1B0F}"
EndProject
Project("{8BC9CEB8-8B4A-11D0-8D11-00A0C91BC942}") = "Zydis", "vendor\zydis\Zydis.vcxproj", "{0450EA1E-C2DF-3BFB-8910-CDBE72FE9117}"
EndProject
Project("{8BC9CEB8-8B4A-11D0-8D11-00A0C91BC942}") = "Zycore", "vendor\zydis\dependencies\zycore\Zycore.vcxproj", "{9D833486-6C33-3ADC-8C72-905E9704BEC5}"
EndProject
Project("{8BC9CEB8-8B4A-11D0-8D11-00A0C91BC942}") = "ScriptHookV", "ScriptHookV\ScriptHookV.vcxproj", "{9173CBBB-ED8E-43E9-9EA9-884CEACB87A8}"
EndProject
Global
	GlobalSection(SolutionConfigurationPlatforms) = preSolution
		Debug|x64 = Debug|x64
		Debug|x86 = Debug|x86
		Dist|x64 = Dist|x64
		Dist|x86 = Dist|x86
		MinSizeRel|x64 = MinSizeRel|x64
		MinSizeRel|x86 = MinSizeRel|x86
		Release|x64 = Release|x64
		Release|x86 = Release|x86
		RelWithDebInfo|x64 = RelWithDebInfo|x64
		RelWithDebInfo|x86 = RelWithDebInfo|x86
	EndGlobalSection
	GlobalSection(ProjectConfigurationPlatforms) = postSolution
		{2B5A857C-1791-860D-C07D-6C10AC93020F}.Debug|x64.ActiveCfg = Debug|x64
		{2B5A857C-1791-860D-C07D-6C10AC93020F}.Debug|x64.Build.0 = Debug|x64
		{2B5A857C-1791-860D-C07D-6C10AC93020F}.Debug|x86.ActiveCfg = Debug|x64
		{2B5A857C-1791-860D-C07D-6C10AC93020F}.Dist|x64.ActiveCfg = Dist|x64
		{2B5A857C-1791-860D-C07D-6C10AC93020F}.Dist|x64.Build.0 = Dist|x64
		{2B5A857C-1791-860D-C07D-6C10AC93020F}.Dist|x86.ActiveCfg = Dist|x64
		{2B5A857C-1791-860D-C07D-6C10AC93020F}.MinSizeRel|x64.ActiveCfg = Release|x64
		{2B5A857C-1791-860D-C07D-6C10AC93020F}.MinSizeRel|x64.Build.0 = Release|x64
		{2B5A857C-1791-860D-C07D-6C10AC93020F}.MinSizeRel|x86.ActiveCfg = Release|x64
		{2B5A857C-1791-860D-C07D-6C10AC93020F}.MinSizeRel|x86.Build.0 = Release|x64
		{2B5A857C-1791-860D-C07D-6C10AC93020F}.Release|x64.ActiveCfg = Release|x64
		{2B5A857C-1791-860D-C07D-6C10AC93020F}.Release|x64.Build.0 = Release|x64
		{2B5A857C-1791-860D-C07D-6C10AC93020F}.Release|x86.ActiveCfg = Release|x64
		{2B5A857C-1791-860D-C07D-6C10AC93020F}.RelWithDebInfo|x64.ActiveCfg = Release|x64
		{2B5A857C-1791-860D-C07D-6C10AC93020F}.RelWithDebInfo|x64.Build.0 = Release|x64
		{2B5A857C-1791-860D-C07D-6C10AC93020F}.RelWithDebInfo|x86.ActiveCfg = Release|x64
		{2B5A857C-1791-860D-C07D-6C10AC93020F}.RelWithDebInfo|x86.Build.0 = Release|x64
		{C0FF640D-2C14-8DBE-F595-301E616989EF}.Debug|x64.ActiveCfg = Debug|x64
		{C0FF640D-2C14-8DBE-F595-301E616989EF}.Debug|x64.Build.0 = Debug|x64
		{C0FF640D-2C14-8DBE-F595-301E616989EF}.Debug|x86.ActiveCfg = Debug|x64
		{C0FF640D-2C14-8DBE-F595-301E616989EF}.Dist|x64.ActiveCfg = Dist|x64
		{C0FF640D-2C14-8DBE-F595-301E616989EF}.Dist|x64.Build.0 = Dist|x64
		{C0FF640D-2C14-8DBE-F595-301E616989EF}.Dist|x86.ActiveCfg = Dist|x64
		{C0FF640D-2C14-8DBE-F595-301E616989EF}.MinSizeRel|x64.ActiveCfg = Release|x64
		{C0FF640D-2C14-8DBE-F595-301E616989EF}.MinSizeRel|x64.Build.0 = Release|x64
		{C0FF640D-2C14-8DBE-F595-301E616989EF}.MinSizeRel|x86.ActiveCfg = Release|x64
		{C0FF640D-2C14-8DBE-F595-301E616989EF}.MinSizeRel|x86.Build.0 = Release|x64
		{C0FF640D-2C14-8DBE-F595-301E616989EF}.Release|x64.ActiveCfg = Release|x64
		{C0FF640D-2C14-8DBE-F595-301E616989EF}.Release|x64.Build.0 = Release|x64
		{C0FF640D-2C14-8DBE-F595-301E616989EF}.Release|x86.ActiveCfg = Release|x64
		{C0FF640D-2C14-8DBE-F595-301E616989EF}.RelWithDebInfo|x64.ActiveCfg = Release|x64
		{C0FF640D-2C14-8DBE-F595-301E616989EF}.RelWithDebInfo|x64.Build.0 = Release|x64
		{C0FF640D-2C14-8DBE-F595-301E616989EF}.RelWithDebInfo|x86.ActiveCfg = Release|x64
		{C0FF640D-2C14-8DBE-F595-301E616989EF}.RelWithDebInfo|x86.Build.0 = Release|x64
		{1A77E127-8656-60C3-8F6E-EB99FBCCC624}.Debug|x64.ActiveCfg = Debug|x64
		{1A77E127-8656-60C3-8F6E-EB99FBCCC624}.Debug|x64.Build.0 = Debug|x64
		{1A77E127-8656-60C3-8F6E-EB99FBCCC624}.Debug|x86.ActiveCfg = Debug|x64
		{1A77E127-8656-60C3-8F6E-EB99FBCCC624}.Dist|x64.ActiveCfg = Dist|x64
		{1A77E127-8656-60C3-8F6E-EB99FBCCC624}.Dist|x64.Build.0 = Dist|x64
		{1A77E127-8656-60C3-8F6E-EB99FBCCC624}.Dist|x86.ActiveCfg = Dist|x64
		{1A77E127-8656-60C3-8F6E-EB99FBCCC624}.MinSizeRel|x64.ActiveCfg = Release|x64
		{1A77E127-8656-60C3-8F6E-EB99FBCCC624}.MinSizeRel|x64.Build.0 = Release|x64
		{1A77E127-8656-60C3-8F6E-EB99FBCCC624}.MinSizeRel|x86.ActiveCfg = Release|x64
		{1A77E127-8656-60C3-8F6E-EB99FBCCC624}.MinSizeRel|x86.Build.0 = Release|x64
		{1A77E127-8656-60C3-8F6E-EB99FBCCC624}.Release|x64.ActiveCfg = Release|x64
		{1A77E127-8656-60C3-8F6E-EB99FBCCC624}.Release|x64.Build.0 = Release|x64
		{1A77E127-8656-60C3-8F6E-EB99FBCCC624}.Release|x86.ActiveCfg = Release|x64
		{1A77E127-8656-60C3-8F6E-EB99FBCCC624}.RelWithDebInfo|x64.ActiveCfg = Release|x64
		{1A77E127-8656-60C3-8F6E-EB99FBCCC624}.RelWithDebInfo|x64.Build.0 = Release|x64
		{1A77E127-8656-60C3-8F6E-EB99FBCCC624}.RelWithDebInfo|x86.ActiveCfg = Release|x64
		{1A77E127-8656-60C3-8F6E-EB99FBCCC624}.RelWithDebInfo|x86.Build.0 = Release|x64
		{21FD7E7C-8DB2-F771-16A7-F148825BEE75}.Debug|x64.ActiveCfg = Debug|x64
		{21FD7E7C-8DB2-F771-16A7-F148825BEE75}.Debug|x64.Build.0 = Debug|x64
		{21FD7E7C-8DB2-F771-16A7-F148825BEE75}.Debug|x86.ActiveCfg = Debug|x64
		{21FD7E7C-8DB2-F771-16A7-F148825BEE75}.Dist|x64.ActiveCfg = Dist|x64
		{21FD7E7C-8DB2-F771-16A7-F148825BEE75}.Dist|x64.Build.0 = Dist|x64
		{21FD7E7C-8DB2-F771-16A7-F148825BEE75}.Dist|x86.ActiveCfg = Dist|x64
		{21FD7E7C-8DB2-F771-16A7-F148825BEE75}.MinSizeRel|x64.ActiveCfg = Release|x64
		{21FD7E7C-8DB2-F771-16A7-F148825BEE75}.MinSizeRel|x64.Build.0 = Release|x64
		{21FD7E7C-8DB2-F771-16A7-F148825BEE75}.MinSizeRel|x86.ActiveCfg = Release|x64
		{21FD7E7C-8DB2-F771-16A7-F148825BEE75}.MinSizeRel|x86.Build.0 = Release|x64
		{21FD7E7C-8DB2-F771-16A7-F148825BEE75}.Release|x64.ActiveCfg = Release|x64
		{21FD7E7C-8DB2-F771-16A7-F148825BEE75}.Release|x64.Build.0 = Release|x64
		{21FD7E7C-8DB2-F771-16A7-F148825BEE75}.Release|x86.ActiveCfg = Release|x64
		{21FD7E7C-8DB2-F771-16A7-F148825BEE75}.RelWithDebInfo|x64.ActiveCfg = Release|x64
		{21FD7E7C-8DB2-F771-16A7-F148825BEE75}.RelWithDebInfo|x64.Build.0 = Release|x64
		{21FD7E7C-8DB2-F771-16A7-F148825BEE75}.RelWithDebInfo|x86.ActiveCfg = Release|x64
		{21FD7E7C-8DB2-F771-16A7-F148825BEE75}.RelWithDebInfo|x86.Build.0 = Release|x64
		{1803B512-84E2-33AE-8DFA-BE84F9589A0F}.Debug|x64.ActiveCfg = Debug|x64
		{1803B512-84E2-33AE-8DFA-BE84F9589A0F}.Debug|x64.Build.0 = Debug|x64
		{1803B512-84E2-33AE-8DFA-BE84F9589A0F}.Debug|x86.ActiveCfg = Debug|x64
		{1803B512-84E2-33AE-8DFA-BE84F9589A0F}.Dist|x64.ActiveCfg = Dist|x64
		{1803B512-84E2-33AE-8DFA-BE84F9589A0F}.Dist|x64.Build.0 = Dist|x64
		{1803B512-84E2-33AE-8DFA-BE84F9589A0F}.Dist|x86.ActiveCfg = Dist|x64
		{1803B512-84E2-33AE-8DFA-BE84F9589A0F}.MinSizeRel|x64.ActiveCfg = Release|x64
		{1803B512-84E2-33AE-8DFA-BE84F9589A0F}.MinSizeRel|x64.Build.0 = Release|x64
		{1803B512-84E2-33AE-8DFA-BE84F9589A0F}.MinSizeRel|x86.ActiveCfg = Release|x64
		{1803B512-84E2-33AE-8DFA-BE84F9589A0F}.MinSizeRel|x86.Build.0 = Release|x64
		{1803B512-84E2-33AE-8DFA-BE84F9589A0F}.Release|x64.ActiveCfg = Release|x64
		{1803B512-84E2-33AE-8DFA-BE84F9589A0F}.Release|x64.Build.0 = Release|x64
		{1803B512-84E2-33AE-8DFA-BE84F9589A0F}.Release|x86.ActiveCfg = Release|x64
		{1803B512-84E2-33AE-8DFA-BE84F9589A0F}.RelWithDebInfo|x64.ActiveCfg = Release|x64
		{1803B512-84E2-33AE-8DFA-BE84F9589A0F}.RelWithDebInfo|x64.Build.0 = Release|x64
		{1803B512-84E2-33AE-8DFA-BE84F9589A0F}.RelWithDebInfo|x86.ActiveCfg = Release|x64
		{1803B512-84E2-33AE-8DFA-BE84F9589A0F}.RelWithDebInfo|x86.Build.0 = Release|x64
		{0A479A7C-F67D-9B0D-9F6A-81108B80170F}.Debug|x64.ActiveCfg = Debug|x64
		{0A479A7C-F67D-9B0D-9F6A-81108B80170F}.Debug|x64.Build.0 = Debug|x64
		{0A479A7C-F67D-9B0D-9F6A-81108B80170F}.Debug|x86.ActiveCfg = Debug|x64
		{0A479A7C-F67D-9B0D-9F6A-81108B80170F}.Dist|x64.ActiveCfg = Dist|x64
		{0A479A7C-F67D-9B0D-9F6A-81108B80170F}.Dist|x64.Build.0 = Dist|x64
		{0A479A7C-F67D-9B0D-9F6A-81108B80170F}.Dist|x86.ActiveCfg = Dist|x64
		{0A479A7C-F67D-9B0D-9F6A-81108B80170F}.MinSizeRel|x64.ActiveCfg = Release|x64
		{0A479A7C-F67D-9B0D-9F6A-81108B80170F}.MinSizeRel|x64.Build.0 = Release|x64
		{0A479A7C-F67D-9B0D-9F6A-81108B80170F}.MinSizeRel|x86.ActiveCfg = Release|x64
		{0A479A7C-F67D-9B0D-9F6A-81108B80170F}.MinSizeRel|x86.Build.0 = Release|x64
		{0A479A7C-F67D-9B0D-9F6A-81108B80170F}.Release|x64.ActiveCfg = Release|x64
		{0A479A7C-F67D-9B0D-9F6A-81108B80170F}.Release|x64.Build.0 = Release|x64
		{0A479A7C-F67D-9B0D-9F6A-81108B80170F}.Release|x86.ActiveCfg = Release|x64
		{0A479A7C-F67D-9B0D-9F6A-81108B80170F}.RelWithDebInfo|x64.ActiveCfg = Release|x64
		{0A479A7C-F67D-9B0D-9F6A-81108B80170F}.RelWithDebInfo|x64.Build.0 = Release|x64
		{0A479A7C-F67D-9B0D-9F6A-81108B80170F}.RelWithDebInfo|x86.ActiveCfg = Release|x64
		{0A479A7C-F67D-9B0D-9F6A-81108B80170F}.RelWithDebInfo|x86.Build.0 = Release|x64
		{65059E7C-513C-9F0D-FA28-8510E63E1B0F}.Debug|x64.ActiveCfg = Debug|x64
		{65059E7C-513C-9F0D-FA28-8510E63E1B0F}.Debug|x64.Build.0 = Debug|x64
		{65059E7C-513C-9F0D-FA28-8510E63E1B0F}.Debug|x86.ActiveCfg = Debug|x64
		{65059E7C-513C-9F0D-FA28-8510E63E1B0F}.Dist|x64.ActiveCfg = Dist|x64
		{65059E7C-513C-9F0D-FA28-8510E63E1B0F}.Dist|x64.Build.0 = Dist|x64
		{65059E7C-513C-9F0D-FA28-8510E63E1B0F}.Dist|x86.ActiveCfg = Dist|x64
		{65059E7C-513C-9F0D-FA28-8510E63E1B0F}.MinSizeRel|x64.ActiveCfg = Release|x64
		{65059E7C-513C-9F0D-FA28-8510E63E1B0F}.MinSizeRel|x64.Build.0 = Release|x64
		{65059E7C-513C-9F0D-FA28-8510E63E1B0F}.MinSizeRel|x86.ActiveCfg = Release|x64
		{65059E7C-513C-9F0D-FA28-8510E63E1B0F}.MinSizeRel|x86.Build.0 = Release|x64
		{65059E7C-513C-9F0D-FA28-8510E63E1B0F}.Release|x64.ActiveCfg = Release|x64
		{65059E7C-513C-9F0D-FA28-8510E63E1B0F}.Release|x64.Build.0 = Release|x64
		{65059E7C-513C-9F0D-FA28-8510E63E1B0F}.Release|x86.ActiveCfg = Release|x64
		{65059E7C-513C-9F0D-FA28-8510E63E1B0F}.RelWithDebInfo|x64.ActiveCfg = Release|x64
		{65059E7C-513C-9F0D-FA28-8510E63E1B0F}.RelWithDebInfo|x64.Build.0 = Release|x64
		{65059E7C-513C-9F0D-FA28-8510E63E1B0F}.RelWithDebInfo|x86.ActiveCfg = Release|x64
		{65059E7C-513C-9F0D-FA28-8510E63E1B0F}.RelWithDebInfo|x86.Build.0 = Release|x64
		{0450EA1E-C2DF-3BFB-8910-CDBE72FE9117}.Debug|x64.ActiveCfg = Debug|x64
		{0450EA1E-C2DF-3BFB-8910-CDBE72FE9117}.Debug|x64.Build.0 = Debug|x64
		{0450EA1E-C2DF-3BFB-8910-CDBE72FE9117}.Debug|x86.ActiveCfg = Debug|x64
		{0450EA1E-C2DF-3BFB-8910-CDBE72FE9117}.Dist|x64.ActiveCfg = Debug|x64
		{0450EA1E-C2DF-3BFB-8910-CDBE72FE9117}.Dist|x64.Build.0 = Debug|x64
		{0450EA1E-C2DF-3BFB-8910-CDBE72FE9117}.Dist|x86.ActiveCfg = RelWithDebInfo|x64
		{0450EA1E-C2DF-3BFB-8910-CDBE72FE9117}.Dist|x86.Build.0 = RelWithDebInfo|x64
		{0450EA1E-C2DF-3BFB-8910-CDBE72FE9117}.MinSizeRel|x64.ActiveCfg = MinSizeRel|x64
		{0450EA1E-C2DF-3BFB-8910-CDBE72FE9117}.MinSizeRel|x64.Build.0 = MinSizeRel|x64
		{0450EA1E-C2DF-3BFB-8910-CDBE72FE9117}.MinSizeRel|x86.ActiveCfg = MinSizeRel|x64
		{0450EA1E-C2DF-3BFB-8910-CDBE72FE9117}.Release|x64.ActiveCfg = Release|x64
		{0450EA1E-C2DF-3BFB-8910-CDBE72FE9117}.Release|x64.Build.0 = Release|x64
		{0450EA1E-C2DF-3BFB-8910-CDBE72FE9117}.Release|x86.ActiveCfg = Release|x64
		{0450EA1E-C2DF-3BFB-8910-CDBE72FE9117}.RelWithDebInfo|x64.ActiveCfg = RelWithDebInfo|x64
		{0450EA1E-C2DF-3BFB-8910-CDBE72FE9117}.RelWithDebInfo|x64.Build.0 = RelWithDebInfo|x64
		{0450EA1E-C2DF-3BFB-8910-CDBE72FE9117}.RelWithDebInfo|x86.ActiveCfg = RelWithDebInfo|x64
		{9D833486-6C33-3ADC-8C72-905E9704BEC5}.Debug|x64.ActiveCfg = Debug|x64
		{9D833486-6C33-3ADC-8C72-905E9704BEC5}.Debug|x64.Build.0 = Debug|x64
		{9D833486-6C33-3ADC-8C72-905E9704BEC5}.Debug|x86.ActiveCfg = Debug|x64
		{9D833486-6C33-3ADC-8C72-905E9704BEC5}.Dist|x64.ActiveCfg = Debug|x64
		{9D833486-6C33-3ADC-8C72-905E9704BEC5}.Dist|x64.Build.0 = Debug|x64
		{9D833486-6C33-3ADC-8C72-905E9704BEC5}.Dist|x86.ActiveCfg = RelWithDebInfo|x64
		{9D833486-6C33-3ADC-8C72-905E9704BEC5}.Dist|x86.Build.0 = RelWithDebInfo|x64
		{9D833486-6C33-3ADC-8C72-905E9704BEC5}.MinSizeRel|x64.ActiveCfg = MinSizeRel|x64
		{9D833486-6C33-3ADC-8C72-905E9704BEC5}.MinSizeRel|x64.Build.0 = MinSizeRel|x64
		{9D833486-6C33-3ADC-8C72-905E9704BEC5}.MinSizeRel|x86.ActiveCfg = MinSizeRel|x64
		{9D833486-6C33-3ADC-8C72-905E9704BEC5}.Release|x64.ActiveCfg = Release|x64
		{9D833486-6C33-3ADC-8C72-905E9704BEC5}.Release|x64.Build.0 = Release|x64
		{9D833486-6C33-3ADC-8C72-905E9704BEC5}.Release|x86.ActiveCfg = Release|x64
		{9D833486-6C33-3ADC-8C72-905E9704BEC5}.RelWithDebInfo|x64.ActiveCfg = RelWithDebInfo|x64
		{9D833486-6C33-3ADC-8C72-905E9704BEC5}.RelWithDebInfo|x64.Build.0 = RelWithDebInfo|x64
		{9D833486-6C33-3ADC-8C72-905E9704BEC5}.RelWithDebInfo|x86.ActiveCfg = RelWithDebInfo|x64
		{9173CBBB-ED8E-43E9-9EA9-884CEACB87A8}.Debug|x64.ActiveCfg = Debug|x64
		{9173CBBB-ED8E-43E9-9EA9-884CEACB87A8}.Debug|x64.Build.0 = Debug|x64
		{9173CBBB-ED8E-43E9-9EA9-884CEACB87A8}.Debug|x86.ActiveCfg = Debug|Win32
		{9173CBBB-ED8E-43E9-9EA9-884CEACB87A8}.Debug|x86.Build.0 = Debug|Win32
		{9173CBBB-ED8E-43E9-9EA9-884CEACB87A8}.Dist|x64.ActiveCfg = Debug|x64
		{9173CBBB-ED8E-43E9-9EA9-884CEACB87A8}.Dist|x64.Build.0 = Debug|x64
		{9173CBBB-ED8E-43E9-9EA9-884CEACB87A8}.Dist|x86.ActiveCfg = Debug|Win32
		{9173CBBB-ED8E-43E9-9EA9-884CEACB87A8}.Dist|x86.Build.0 = Debug|Win32
		{9173CBBB-ED8E-43E9-9EA9-884CEACB87A8}.MinSizeRel|x64.ActiveCfg = Debug|x64
		{9173CBBB-ED8E-43E9-9EA9-884CEACB87A8}.MinSizeRel|x64.Build.0 = Debug|x64
		{9173CBBB-ED8E-43E9-9EA9-884CEACB87A8}.MinSizeRel|x86.ActiveCfg = Debug|Win32
		{9173CBBB-ED8E-43E9-9EA9-884CEACB87A8}.MinSizeRel|x86.Build.0 = Debug|Win32
		{9173CBBB-ED8E-43E9-9EA9-884CEACB87A8}.Release|x64.ActiveCfg = Release|x64
		{9173CBBB-ED8E-43E9-9EA9-884CEACB87A8}.Release|x64.Build.0 = Release|x64
		{9173CBBB-ED8E-43E9-9EA9-884CEACB87A8}.Release|x86.ActiveCfg = Release|Win32
		{9173CBBB-ED8E-43E9-9EA9-884CEACB87A8}.Release|x86.Build.0 = Release|Win32
		{9173CBBB-ED8E-43E9-9EA9-884CEACB87A8}.RelWithDebInfo|x64.ActiveCfg = Release|x64
		{9173CBBB-ED8E-43E9-9EA9-884CEACB87A8}.RelWithDebInfo|x64.Build.0 = Release|x64
		{9173CBBB-ED8E-43E9-9EA9-884CEACB87A8}.RelWithDebInfo|x86.ActiveCfg = Release|Win32
		{9173CBBB-ED8E-43E9-9EA9-884CEACB87A8}.RelWithDebInfo|x86.Build.0 = Release|Win32
	EndGlobalSection
	GlobalSection(SolutionProperties) = preSolution
		HideSolutionNode = FALSE
	EndGlobalSection
	GlobalSection(ExtensibilityGlobals) = postSolution
		SolutionGuid = {EBA09E27-67A6-4E3F-8FA0-C91539785D3B}
	EndGlobalSection
EndGlobal
